
Microsoft Visual Studio Solution File, Format Version 12.00
# Visual Studio 15
VisualStudioVersion = 15.0.28307.1738
MinimumVisualStudioVersion = 10.0.40219.1
Project("{FAE04EC0-301F-11D3-BF4B-00C04F79EFBC}") = "crudMVC", "crudMVC\crudMVC.csproj", "{7145500C-2988-4FD2-A04A-016F90B249BA}"
EndProject
Global
	GlobalSection(SolutionConfigurationPlatforms) = preSolution
		Debug|Any CPU = Debug|Any CPU
		Release|Any CPU = Release|Any CPU
	EndGlobalSection
	GlobalSection(ProjectConfigurationPlatforms) = postSolution
		{7145500C-2988-4FD2-A04A-016F90B249BA}.Debug|Any CPU.ActiveCfg = Debug|Any CPU
		{7145500C-2988-4FD2-A04A-016F90B249BA}.Debug|Any CPU.Build.0 = Debug|Any CPU
		{7145500C-2988-4FD2-A04A-016F90B249BA}.Release|Any CPU.ActiveCfg = Release|Any CPU
		{7145500C-2988-4FD2-A04A-016F90B249BA}.Release|Any CPU.Build.0 = Release|Any CPU
	EndGlobalSection
	GlobalSection(SolutionProperties) = preSolution
		HideSolutionNode = FALSE
	EndGlobalSection
	GlobalSection(ExtensibilityGlobals) = postSolution
		SolutionGuid = {CCBC8725-49A1-4260-A6CC-4491A8772252}
	EndGlobalSection
EndGlobal
